{
  "name": "exam-prep-portal",
  "lockfileVersion": 3,
  "requires": true,
  "packages": {
    "": {
      "dependencies": {
        "wordsninja": "^1.1.0"
      }
    },
    "node_modules/wordsninja": {
      "version": "1.1.0",
      "resolved": "https://registry.npmjs.org/wordsninja/-/wordsninja-1.1.0.tgz",
      "integrity": "sha512-cxhLZHK21P3URD+F4HNeyd4Bizqyqcrh++p/oJ7fYasCMrQhwKrmCVcasUr6UuTv6YaiZ8tESxgbzZE4yf3mfA==",
      "license": "MIT"
    }
  }
}
